{
  "requires": true,
  "lockfileVersion": 1,
  "dependencies": {
    "box-ui-elements": {
      "version": "12.0.0",
      "resolved": "https://registry.npmjs.org/box-ui-elements/-/box-ui-elements-12.0.0.tgz",
      "integrity": "sha512-kvZpAUM4ExkZnXMo6tq/nY5Z3EoRQjfgi+VdYgYT6poAVCTY+EX6x9Nc+NNh6b4BfxWyoQnj81Mg2qJPW0rwnw=="
    }
  }
}
